// !$*UTF8*$!
{
	archiveVersion = 1;
	classes = {
	};
	objectVersion = 50;
	objects = {

/* Begin PBXBuildFile section */
		1534214E251D543400E41F1E /* movies.json in Resources */ = {isa = PBXBuildFile; fileRef = 1534214D251D543400E41F1E /* movies.json */; };
		1534215C251D5C7000E41F1E /* Movie.swift in Sources */ = {isa = PBXBuildFile; fileRef = 1534215B251D5C7000E41F1E /* Movie.swift */; };
		155F9FF2251AB2F700F144FB /* AppDelegate.swift in Sources */ = {isa = PBXBuildFile; fileRef = 155F9FF1251AB2F700F144FB /* AppDelegate.swift */; };
		155F9FF6251AB2F700F144FB /* ViewController.swift in Sources */ = {isa = PBXBuildFile; fileRef = 155F9FF5251AB2F700F144FB /* ViewController.swift */; };
		155F9FF9251AB2F700F144FB /* Main.storyboard in Resources */ = {isa = PBXBuildFile; fileRef = 155F9FF7251AB2F700F144FB /* Main.storyboard */; };
		155F9FFB251AB2FB00F144FB /* Assets.xcassets in Resources */ = {isa = PBXBuildFile; fileRef = 155F9FFA251AB2FB00F144FB /* Assets.xcassets */; };
		155F9FFE251AB2FB00F144FB /* LaunchScreen.storyboard in Resources */ = {isa = PBXBuildFile; fileRef = 155F9FFC251AB2FB00F144FB /* LaunchScreen.storyboard */; };
/* End PBXBuildFile section */

/* Begin PBXFileReference section */
		1534214D251D543400E41F1E /* movies.json */ = {isa = PBXFileReference; fileEncoding = 4; lastKnownFileType = text.json; path = movies.json; sourceTree = "<group>"; };
		1534215B251D5C7000E41F1E /* Movie.swift */ = {isa = PBXFileReference; lastKnownFileType = sourcecode.swift; path = Movie.swift; sourceTree = "<group>"; };
		155F9FEE251AB2F700F144FB /* MoviesLib.app */ = {isa = PBXFileReference; explicitFileType = wrapper.application; includeInIndex = 0; path = MoviesLib.app; sourceTree = BUILT_PRODUCTS_DIR; };
		155F9FF1251AB2F700F144FB /* AppDelegate.swift */ = {isa = PBXFileReference; lastKnownFileType = sourcecode.swift; path = AppDelegate.swift; sourceTree = "<group>"; };
		155F9FF5251AB2F700F144FB /* ViewController.swift */ = {isa = PBXFileReference; lastKnownFileType = sourcecode.swift; path = ViewController.swift; sourceTree = "<group>"; };
		155F9FF8251AB2F700F144FB /* Base */ = {isa = PBXFileReference; lastKnownFileType = file.storyboard; name = Base; path = Base.lproj/Main.storyboard; sourceTree = "<group>"; };
		155F9FFA251AB2FB00F144FB /* Assets.xcassets */ = {isa = PBXFileReference; lastKnownFileType = folder.assetcatalog; path = Assets.xcassets; sourceTree = "<group>"; };
		155F9FFD251AB2FB00F144FB /* Base */ = {isa = PBXFileReference; lastKnownFileType = file.storyboard; name = Base; path = Base.lproj/LaunchScreen.storyboard; sourceTree = "<group>"; };
		155F9FFF251AB2FB00F144FB /* Info.plist */ = {isa = PBXFileReference; lastKnownFileType = text.plist.xml; path = Info.plist; sourceTree = "<group>"; };
/* End PBXFileReference section */

/* Begin PBXFrameworksBuildPhase section */
		155F9FEB251AB2F700F144FB /* Frameworks */ = {
			isa = PBXFrameworksBuildPhase;
			buildActionMask = 2147483647;
			files = (
			);
			runOnlyForDeploymentPostprocessing = 0;
		};
/* End PBXFrameworksBuildPhase section */

/* Begin PBXGroup section */
		15342150251D552000E41F1E /* Main */ = {
			isa = PBXGroup;
			children = (
				155F9FF1251AB2F700F144FB /* AppDelegate.swift */,
			);
			path = Main;
			sourceTree = "<group>";
		};
		15342152251D554F00E41F1E /* Files */ = {
			isa = PBXGroup;
			children = (
				1534214D251D543400E41F1E /* movies.json */,
			);
			path = Files;
			sourceTree = "<group>";
		};
		15342154251D559200E41F1E /* MovieVisualization */ = {
			isa = PBXGroup;
			children = (
				1534215A251D5C4E00E41F1E /* Model */,
				15342155251D55B500E41F1E /* Controller */,
			);
			path = MovieVisualization;
			sourceTree = "<group>";
		};
		15342155251D55B500E41F1E /* Controller */ = {
			isa = PBXGroup;
			children = (
				155F9FF5251AB2F700F144FB /* ViewController.swift */,
			);
			path = Controller;
			sourceTree = "<group>";
		};
		15342157251D55EF00E41F1E /* SupportingFiles */ = {
			isa = PBXGroup;
			children = (
				155F9FFA251AB2FB00F144FB /* Assets.xcassets */,
				155F9FFC251AB2FB00F144FB /* LaunchScreen.storyboard */,
				155F9FFF251AB2FB00F144FB /* Info.plist */,
			);
			path = SupportingFiles;
			sourceTree = "<group>";
		};
		1534215A251D5C4E00E41F1E /* Model */ = {
			isa = PBXGroup;
			children = (
				1534215B251D5C7000E41F1E /* Movie.swift */,
			);
			path = Model;
			sourceTree = "<group>";
		};
		155F9FE5251AB2F700F144FB = {
			isa = PBXGroup;
			children = (
				155F9FF0251AB2F700F144FB /* MoviesLib */,
				155F9FEF251AB2F700F144FB /* Products */,
			);
			sourceTree = "<group>";
		};
		155F9FEF251AB2F700F144FB /* Products */ = {
			isa = PBXGroup;
			children = (
				155F9FEE251AB2F700F144FB /* MoviesLib.app */,
			);
			name = Products;
			sourceTree = "<group>";
		};
		155F9FF0251AB2F700F144FB /* MoviesLib */ = {
			isa = PBXGroup;
			children = (
				15342150251D552000E41F1E /* Main */,
				15342152251D554F00E41F1E /* Files */,
				15342154251D559200E41F1E /* MovieVisualization */,
				155F9FF7251AB2F700F144FB /* Main.storyboard */,
				15342157251D55EF00E41F1E /* SupportingFiles */,
			);
			path = MoviesLib;
			sourceTree = "<group>";
		};
/* End PBXGroup section */

/* Begin PBXNativeTarget section */
		155F9FED251AB2F700F144FB /* MoviesLib */ = {
			isa = PBXNativeTarget;
			buildConfigurationList = 155FA002251AB2FB00F144FB /* Build configuration list for PBXNativeTarget "MoviesLib" */;
			buildPhases = (
				155F9FEA251AB2F700F144FB /* Sources */,
				155F9FEB251AB2F700F144FB /* Frameworks */,
				155F9FEC251AB2F700F144FB /* Resources */,
			);
			buildRules = (
			);
			dependencies = (
			);
			name = MoviesLib;
			productName = MoviesLib;
			productReference = 155F9FEE251AB2F700F144FB /* MoviesLib.app */;
			productType = "com.apple.product-type.application";
		};
/* End PBXNativeTarget section */

/* Begin PBXProject section */
		155F9FE6251AB2F700F144FB /* Project object */ = {
			isa = PBXProject;
			attributes = {
				LastSwiftUpdateCheck = 1170;
				LastUpgradeCheck = 1170;
				ORGANIZATIONNAME = "Cesar Nascimento";
				TargetAttributes = {
					155F9FED251AB2F700F144FB = {
						CreatedOnToolsVersion = 11.7;
					};
				};
			};
			buildConfigurationList = 155F9FE9251AB2F700F144FB /* Build configuration list for PBXProject "MoviesLib" */;
			compatibilityVersion = "Xcode 9.3";
			developmentRegion = en;
			hasScannedForEncodings = 0;
			knownRegions = (
				en,
				Base,
			);
			mainGroup = 155F9FE5251AB2F700F144FB;
			productRefGroup = 155F9FEF251AB2F700F144FB /* Products */;
			projectDirPath = "";
			projectRoot = "";
			targets = (
				155F9FED251AB2F700F144FB /* MoviesLib */,
			);
		};
/* End PBXProject section */

/* Begin PBXResourcesBuildPhase section */
		155F9FEC251AB2F700F144FB /* Resources */ = {
			isa = PBXResourcesBuildPhase;
			buildActionMask = 2147483647;
			files = (
				155F9FFE251AB2FB00F144FB /* LaunchScreen.storyboard in Resources */,
				155F9FFB251AB2FB00F144FB /* Assets.xcassets in Resources */,
				1534214E251D543400E41F1E /* movies.json in Resources */,
				155F9FF9251AB2F700F144FB /* Main.storyboard in Resources */,
			);
			runOnlyForDeploymentPostprocessing = 0;
		};
/* End PBXResourcesBuildPhase section */

/* Begin PBXSourcesBuildPhase section */
		155F9FEA251AB2F700F144FB /* Sources */ = {
			isa = PBXSourcesBuildPhase;
			buildActionMask = 2147483647;
			files = (
				155F9FF6251AB2F700F144FB /* ViewController.swift in Sources */,
				155F9FF2251AB2F700F144FB /* AppDelegate.swift in Sources */,
				1534215C251D5C7000E41F1E /* Movie.swift in Sources */,
			);
			runOnlyForDeploymentPostprocessing = 0;
		};
/* End PBXSourcesBuildPhase section */

/* Begin PBXVariantGroup section */
		155F9FF7251AB2F700F144FB /* Main.storyboard */ = {
			isa = PBXVariantGroup;
			children = (
				155F9FF8251AB2F700F144FB /* Base */,
			);
			name = Main.storyboard;
			sourceTree = "<group>";
		};
		155F9FFC251AB2FB00F144FB /* LaunchScreen.storyboard */ = {
			isa = PBXVariantGroup;
			children = (
				155F9FFD251AB2FB00F144FB /* Base */,
			);
			name = LaunchScreen.storyboard;
			sourceTree = "<group>";
		};
/* End PBXVariantGroup section */

/* Begin XCBuildConfiguration section */
		155FA000251AB2FB00F144FB /* Debug */ = {
			isa = XCBuildConfiguration;
			buildSettings = {
				ALWAYS_SEARCH_USER_PATHS = NO;
				CLANG_ANALYZER_NONNULL = YES;
				CLANG_ANALYZER_NUMBER_OBJECT_CONVERSION = YES_AGGRESSIVE;
				CLANG_CXX_LANGUAGE_STANDARD = "gnu++14";
				CLANG_CXX_LIBRARY = "libc++";
				CLANG_ENABLE_MODULES = YES;
				CLANG_ENABLE_OBJC_ARC = YES;
				CLANG_ENABLE_OBJC_WEAK = YES;
				CLANG_WARN_BLOCK_CAPTURE_AUTORELEASING = YES;
				CLANG_WARN_BOOL_CONVERSION = YES;
				CLANG_WARN_COMMA = YES;
				CLANG_WARN_CONSTANT_CONVERSION = YES;
				CLANG_WARN_DEPRECATED_OBJC_IMPLEMENTATIONS = YES;
				CLANG_WARN_DIRECT_OBJC_ISA_USAGE = YES_ERROR;
				CLANG_WARN_DOCUMENTATION_COMMENTS = YES;
				CLANG_WARN_EMPTY_BODY = YES;
				CLANG_WARN_ENUM_CONVERSION = YES;
				CLANG_WARN_INFINITE_RECURSION = YES;
				CLANG_WARN_INT_CONVERSION = YES;
				CLANG_WARN_NON_LITERAL_NULL_CONVERSION = YES;
				CLANG_WARN_OBJC_IMPLICIT_RETAIN_SELF = YES;
				CLANG_WARN_OBJC_LITERAL_CONVERSION = YES;
				CLANG_WARN_OBJC_ROOT_CLASS = YES_ERROR;
				CLANG_WARN_RANGE_LOOP_ANALYSIS = YES;
				CLANG_WARN_STRICT_PROTOTYPES = YES;
				CLANG_WARN_SUSPICIOUS_MOVE = YES;
				CLANG_WARN_UNGUARDED_AVAILABILITY = YES_AGGRESSIVE;
				CLANG_WARN_UNREACHABLE_CODE = YES;
				CLANG_WARN__DUPLICATE_METHOD_MATCH = YES;
				COPY_PHASE_STRIP = NO;
				DEBUG_INFORMATION_FORMAT = dwarf;
				ENABLE_STRICT_OBJC_MSGSEND = YES;
				ENABLE_TESTABILITY = YES;
				GCC_C_LANGUAGE_STANDARD = gnu11;
				GCC_DYNAMIC_NO_PIC = NO;
				GCC_NO_COMMON_BLOCKS = YES;
				GCC_OPTIMIZATION_LEVEL = 0;
				GCC_PREPROCESSOR_DEFINITIONS = (
					"DEBUG=1",
					"$(inherited)",
				);
				GCC_WARN_64_TO_32_BIT_CONVERSION = YES;
				GCC_WARN_ABOUT_RETURN_TYPE = YES_ERROR;
				GCC_WARN_UNDECLARED_SELECTOR = YES;
				GCC_WARN_UNINITIALIZED_AUTOS = YES_AGGRESSIVE;
				GCC_WARN_UNUSED_FUNCTION = YES;
				GCC_WARN_UNUSED_VARIABLE = YES;
				IPHONEOS_DEPLOYMENT_TARGET = 13.7;
				MTL_ENABLE_DEBUG_INFO = INCLUDE_SOURCE;
				MTL_FAST_MATH = YES;
				ONLY_ACTIVE_ARCH = YES;
				SDKROOT = iphoneos;
				SWIFT_ACTIVE_COMPILATION_CONDITIONS = DEBUG;
				SWIFT_OPTIMIZATION_LEVEL = "-Onone";
			};
			name = Debug;
		};
		155FA001251AB2FB00F144FB /* Release */ = {
			isa = XCBuildConfiguration;
			buildSettings = {
				ALWAYS_SEARCH_USER_PATHS = NO;
				CLANG_ANALYZER_NONNULL = YES;
				CLANG_ANALYZER_NUMBER_OBJECT_CONVERSION = YES_AGGRESSIVE;
				CLANG_CXX_LANGUAGE_STANDARD = "gnu++14";
				CLANG_CXX_LIBRARY = "libc++";
				CLANG_ENABLE_MODULES = YES;
				CLANG_ENABLE_OBJC_ARC = YES;
				CLANG_ENABLE_OBJC_WEAK = YES;
				CLANG_WARN_BLOCK_CAPTURE_AUTORELEASING = YES;
				CLANG_WARN_BOOL_CONVERSION = YES;
				CLANG_WARN_COMMA = YES;
				CLANG_WARN_CONSTANT_CONVERSION = YES;
				CLANG_WARN_DEPRECATED_OBJC_IMPLEMENTATIONS = YES;
				CLANG_WARN_DIRECT_OBJC_ISA_USAGE = YES_ERROR;
				CLANG_WARN_DOCUMENTATION_COMMENTS = YES;
				CLANG_WARN_EMPTY_BODY = YES;
				CLANG_WARN_ENUM_CONVERSION = YES;
				CLANG_WARN_INFINITE_RECURSION = YES;
				CLANG_WARN_INT_CONVERSION = YES;
				CLANG_WARN_NON_LITERAL_NULL_CONVERSION = YES;
				CLANG_WARN_OBJC_IMPLICIT_RETAIN_SELF = YES;
				CLANG_WARN_OBJC_LITERAL_CONVERSION = YES;
				CLANG_WARN_OBJC_ROOT_CLASS = YES_ERROR;
				CLANG_WARN_RANGE_LOOP_ANALYSIS = YES;
				CLANG_WARN_STRICT_PROTOTYPES = YES;
				CLANG_WARN_SUSPICIOUS_MOVE = YES;
				CLANG_WARN_UNGUARDED_AVAILABILITY = YES_AGGRESSIVE;
				CLANG_WARN_UNREACHABLE_CODE = YES;
				CLANG_WARN__DUPLICATE_METHOD_MATCH = YES;
				COPY_PHASE_STRIP = NO;
				DEBUG_INFORMATION_FORMAT = "dwarf-with-dsym";
				ENABLE_NS_ASSERTIONS = NO;
				ENABLE_STRICT_OBJC_MSGSEND = YES;
				GCC_C_LANGUAGE_STANDARD = gnu11;
				GCC_NO_COMMON_BLOCKS = YES;
				GCC_WARN_64_TO_32_BIT_CONVERSION = YES;
				GCC_WARN_ABOUT_RETURN_TYPE = YES_ERROR;
				GCC_WARN_UNDECLARED_SELECTOR = YES;
				GCC_WARN_UNINITIALIZED_AUTOS = YES_AGGRESSIVE;
				GCC_WARN_UNUSED_FUNCTION = YES;
				GCC_WARN_UNUSED_VARIABLE = YES;
				IPHONEOS_DEPLOYMENT_TARGET = 13.7;
				MTL_ENABLE_DEBUG_INFO = NO;
				MTL_FAST_MATH = YES;
				SDKROOT = iphoneos;
				SWIFT_COMPILATION_MODE = wholemodule;
				SWIFT_OPTIMIZATION_LEVEL = "-O";
				VALIDATE_PRODUCT = YES;
			};
			name = Release;
		};
		155FA003251AB2FB00F144FB /* Debug */ = {
			isa = XCBuildConfiguration;
			buildSettings = {
				ASSETCATALOG_COMPILER_APPICON_NAME = AppIcon;
				CODE_SIGN_STYLE = Automatic;
				INFOPLIST_FILE = MoviesLib/SupportingFiles/Info.plist;
				LD_RUNPATH_SEARCH_PATHS = (
					"$(inherited)",
					"@executable_path/Frameworks",
				);
				PRODUCT_BUNDLE_IDENTIFIER = com.github.cesar1287.MoviesLib;
				PRODUCT_NAME = "$(TARGET_NAME)";
				SWIFT_VERSION = 5.0;
				TARGETED_DEVICE_FAMILY = "1,2";
			};
			name = Debug;
		};
		155FA004251AB2FB00F144FB /* Release */ = {
			isa = XCBuildConfiguration;
			buildSettings = {
				ASSETCATALOG_COMPILER_APPICON_NAME = AppIcon;
				CODE_SIGN_STYLE = Automatic;
				INFOPLIST_FILE = MoviesLib/SupportingFiles/Info.plist;
				LD_RUNPATH_SEARCH_PATHS = (
					"$(inherited)",
					"@executable_path/Frameworks",
				);
				PRODUCT_BUNDLE_IDENTIFIER = com.github.cesar1287.MoviesLib;
				PRODUCT_NAME = "$(TARGET_NAME)";
				SWIFT_VERSION = 5.0;
				TARGETED_DEVICE_FAMILY = "1,2";
			};
			name = Release;
		};
/* End XCBuildConfiguration section */

/* Begin XCConfigurationList section */
		155F9FE9251AB2F700F144FB /* Build configuration list for PBXProject "MoviesLib" */ = {
			isa = XCConfigurationList;
			buildConfigurations = (
				155FA000251AB2FB00F144FB /* Debug */,
				155FA001251AB2FB00F144FB /* Release */,
			);
			defaultConfigurationIsVisible = 0;
			defaultConfigurationName = Release;
		};
		155FA002251AB2FB00F144FB /* Build configuration list for PBXNativeTarget "MoviesLib" */ = {
			isa = XCConfigurationList;
			buildConfigurations = (
				155FA003251AB2FB00F144FB /* Debug */,
				155FA004251AB2FB00F144FB /* Release */,
			);
			defaultConfigurationIsVisible = 0;
			defaultConfigurationName = Release;
		};
/* End XCConfigurationList section */
	};
	rootObject = 155F9FE6251AB2F700F144FB /* Project object */;
}
